
Microsoft Visual Studio Solution File, Format Version 12.00
# Visual Studio Version 17
VisualStudioVersion = 17.2.32526.322
MinimumVisualStudioVersion = 10.0.40219.1
Project("{FAE04EC0-301F-11D3-BF4B-00C04F79EFBC}") = "StaticExercise", "StaticExercise\StaticExercise.csproj", "{08179F4D-8E58-4F37-ABCF-0AC21F8B466C}"
EndProject
Global
	GlobalSection(SolutionConfigurationPlatforms) = preSolution
		Debug|Any CPU = Debug|Any CPU
		Release|Any CPU = Release|Any CPU
	EndGlobalSection
	GlobalSection(ProjectConfigurationPlatforms) = postSolution
		{08179F4D-8E58-4F37-ABCF-0AC21F8B466C}.Debug|Any CPU.ActiveCfg = Debug|Any CPU
		{08179F4D-8E58-4F37-ABCF-0AC21F8B466C}.Debug|Any CPU.Build.0 = Debug|Any CPU
		{08179F4D-8E58-4F37-ABCF-0AC21F8B466C}.Release|Any CPU.ActiveCfg = Release|Any CPU
		{08179F4D-8E58-4F37-ABCF-0AC21F8B466C}.Release|Any CPU.Build.0 = Release|Any CPU
	EndGlobalSection
	GlobalSection(SolutionProperties) = preSolution
		HideSolutionNode = FALSE
	EndGlobalSection
	GlobalSection(ExtensibilityGlobals) = postSolution
		SolutionGuid = {0CDDFBE2-0F87-46B1-9D57-6A9F3753D8CB}
	EndGlobalSection
EndGlobal
